// !$*UTF8*$!
{
	archiveVersion = 1;
	classes = {
	};
	objectVersion = 56;
	objects = {

/* Begin PBXBuildFile section */
		911DC02629C463F900F99879 /* BenevolesDetailView.swift in Sources */ = {isa = PBXBuildFile; fileRef = 911DC02529C463F900F99879 /* BenevolesDetailView.swift */; };
		911DC02829C46A5300F99879 /* BenevoleIntent.swift in Sources */ = {isa = PBXBuildFile; fileRef = 911DC02729C46A5300F99879 /* BenevoleIntent.swift */; };
		911DC02C29C473D500F99879 /* BenevoleMenuView.swift in Sources */ = {isa = PBXBuildFile; fileRef = 911DC02B29C473D500F99879 /* BenevoleMenuView.swift */; };
		914FDE2A29C4C9D90037BDA0 /* AdminMainView.swift in Sources */ = {isa = PBXBuildFile; fileRef = 914FDE2929C4C9D90037BDA0 /* AdminMainView.swift */; };
		914FDE3229C540110037BDA0 /* FestivalListView.swift in Sources */ = {isa = PBXBuildFile; fileRef = 914FDE3129C540110037BDA0 /* FestivalListView.swift */; };
		914FDE3429C5415B0037BDA0 /* FestivalListModel.swift in Sources */ = {isa = PBXBuildFile; fileRef = 914FDE3329C5415B0037BDA0 /* FestivalListModel.swift */; };
		914FDE3629C543040037BDA0 /* FestivalModel.swift in Sources */ = {isa = PBXBuildFile; fileRef = 914FDE3529C543040037BDA0 /* FestivalModel.swift */; };
		914FDE3829C543C60037BDA0 /* JourDeFestivalModel.swift in Sources */ = {isa = PBXBuildFile; fileRef = 914FDE3729C543C60037BDA0 /* JourDeFestivalModel.swift */; };
		914FDE3A29C545100037BDA0 /* FestivalListIntent.swift in Sources */ = {isa = PBXBuildFile; fileRef = 914FDE3929C545100037BDA0 /* FestivalListIntent.swift */; };
		914FDE3C29C54DD30037BDA0 /* FestivalListDAO.swift in Sources */ = {isa = PBXBuildFile; fileRef = 914FDE3B29C54DD30037BDA0 /* FestivalListDAO.swift */; };
		914FDE4229C5513C0037BDA0 /* ZoneModel.swift in Sources */ = {isa = PBXBuildFile; fileRef = 914FDE4129C5513C0037BDA0 /* ZoneModel.swift */; };
		914FDE4429C5521E0037BDA0 /* JourDeFestivalDTO.swift in Sources */ = {isa = PBXBuildFile; fileRef = 914FDE4329C5521E0037BDA0 /* JourDeFestivalDTO.swift */; };
		914FDE4629C5527D0037BDA0 /* EventsDTO.swift in Sources */ = {isa = PBXBuildFile; fileRef = 914FDE4529C5527D0037BDA0 /* EventsDTO.swift */; };
		914FDE4829C5ED190037BDA0 /* ZoneDTO.swift in Sources */ = {isa = PBXBuildFile; fileRef = 914FDE4729C5ED190037BDA0 /* ZoneDTO.swift */; };
		914FDE4A29C5F4BD0037BDA0 /* FestivalDTO.swift in Sources */ = {isa = PBXBuildFile; fileRef = 914FDE4929C5F4BD0037BDA0 /* FestivalDTO.swift */; };
		915DB19A29C32C4B00BEC5BC /* BenevolesListView.swift in Sources */ = {isa = PBXBuildFile; fileRef = 915DB19929C32C4B00BEC5BC /* BenevolesListView.swift */; };
		915DB19D29C32DE000BEC5BC /* BenevolesListIntent.swift in Sources */ = {isa = PBXBuildFile; fileRef = 915DB19C29C32DE000BEC5BC /* BenevolesListIntent.swift */; };
		915DB19F29C32DF400BEC5BC /* BenevolesListModel.swift in Sources */ = {isa = PBXBuildFile; fileRef = 915DB19E29C32DF400BEC5BC /* BenevolesListModel.swift */; };
		915DB1A329C32E3B00BEC5BC /* BenevoleModel.swift in Sources */ = {isa = PBXBuildFile; fileRef = 915DB1A229C32E3B00BEC5BC /* BenevoleModel.swift */; };
		915DB1A729C3360400BEC5BC /* BenevolesDAO.swift in Sources */ = {isa = PBXBuildFile; fileRef = 915DB1A629C3360400BEC5BC /* BenevolesDAO.swift */; };
		915DB1A929C3368400BEC5BC /* ApiError.swift in Sources */ = {isa = PBXBuildFile; fileRef = 915DB1A829C3368400BEC5BC /* ApiError.swift */; };
		915DB1AB29C3383B00BEC5BC /* BenevolesDTO.swift in Sources */ = {isa = PBXBuildFile; fileRef = 915DB1AA29C3383B00BEC5BC /* BenevolesDTO.swift */; };
		917AA14E29C78083005A89CD /* FestivalDetailView.swift in Sources */ = {isa = PBXBuildFile; fileRef = 917AA14D29C78083005A89CD /* FestivalDetailView.swift */; };
		917AA15029C85E94005A89CD /* FestivalIntent.swift in Sources */ = {isa = PBXBuildFile; fileRef = 917AA14F29C85E94005A89CD /* FestivalIntent.swift */; };
		917AA15229C86205005A89CD /* FestivalDAO.swift in Sources */ = {isa = PBXBuildFile; fileRef = 917AA15129C86205005A89CD /* FestivalDAO.swift */; };
		917AA15429C87330005A89CD /* FestivalDayListView.swift in Sources */ = {isa = PBXBuildFile; fileRef = 917AA15329C87330005A89CD /* FestivalDayListView.swift */; };
		917AA15629C8739E005A89CD /* FestivalDayListIntent.swift in Sources */ = {isa = PBXBuildFile; fileRef = 917AA15529C8739E005A89CD /* FestivalDayListIntent.swift */; };
		917AA15829C873BB005A89CD /* FestivalDayListModel.swift in Sources */ = {isa = PBXBuildFile; fileRef = 917AA15729C873BB005A89CD /* FestivalDayListModel.swift */; };
		917AA15A29C874C3005A89CD /* FestivalDayListDAO.swift in Sources */ = {isa = PBXBuildFile; fileRef = 917AA15929C874C3005A89CD /* FestivalDayListDAO.swift */; };
		917AA15C29C87941005A89CD /* FestivalDayDetailView.swift in Sources */ = {isa = PBXBuildFile; fileRef = 917AA15B29C87941005A89CD /* FestivalDayDetailView.swift */; };
		917AA15E29C8E613005A89CD /* FestivalDayIntent.swift in Sources */ = {isa = PBXBuildFile; fileRef = 917AA15D29C8E613005A89CD /* FestivalDayIntent.swift */; };
		917AA16029C9A767005A89CD /* CreneauxListView.swift in Sources */ = {isa = PBXBuildFile; fileRef = 917AA15F29C9A767005A89CD /* CreneauxListView.swift */; };
		917AA16229C9A94E005A89CD /* CreneauxListIntent.swift in Sources */ = {isa = PBXBuildFile; fileRef = 917AA16129C9A94E005A89CD /* CreneauxListIntent.swift */; };
		917AA16429C9A9BC005A89CD /* CreneauxListModel.swift in Sources */ = {isa = PBXBuildFile; fileRef = 917AA16329C9A9BC005A89CD /* CreneauxListModel.swift */; };
		917AA16629C9AA37005A89CD /* CreneauxModel.swift in Sources */ = {isa = PBXBuildFile; fileRef = 917AA16529C9AA37005A89CD /* CreneauxModel.swift */; };
		917AA16829C9AAD6005A89CD /* CreneauxListDAO.swift in Sources */ = {isa = PBXBuildFile; fileRef = 917AA16729C9AAD6005A89CD /* CreneauxListDAO.swift */; };
		917AA16A29C9ACAD005A89CD /* CreneauxDetailView.swift in Sources */ = {isa = PBXBuildFile; fileRef = 917AA16929C9ACAD005A89CD /* CreneauxDetailView.swift */; };
		917AA16C29C9C549005A89CD /* BenevolesMainView.swift in Sources */ = {isa = PBXBuildFile; fileRef = 917AA16B29C9C549005A89CD /* BenevolesMainView.swift */; };
		917AA17029C9C72D005A89CD /* BenevolesFestivalDetailView.swift in Sources */ = {isa = PBXBuildFile; fileRef = 917AA16F29C9C72D005A89CD /* BenevolesFestivalDetailView.swift */; };
		91B6288B29C091780074EF20 /* GameDAO.swift in Sources */ = {isa = PBXBuildFile; fileRef = 91B6288A29C091780074EF20 /* GameDAO.swift */; };
		91CCCAD729CB141F004E87F4 /* BenevoleCreneauxListView.swift in Sources */ = {isa = PBXBuildFile; fileRef = 91CCCAD629CB141F004E87F4 /* BenevoleCreneauxListView.swift */; };
		91CCCADD29CB5BC6004E87F4 /* CreneauxIntent.swift in Sources */ = {isa = PBXBuildFile; fileRef = 91CCCADC29CB5BC6004E87F4 /* CreneauxIntent.swift */; };
		91CCCADF29CB8F74004E87F4 /* MessageDTO.swift in Sources */ = {isa = PBXBuildFile; fileRef = 91CCCADE29CB8F74004E87F4 /* MessageDTO.swift */; };
		91CCCAE129CC84EA004E87F4 /* BenevoleProfileView.swift in Sources */ = {isa = PBXBuildFile; fileRef = 91CCCAE029CC84EA004E87F4 /* BenevoleProfileView.swift */; };
		91CCCAE329CC91A7004E87F4 /* FestivalFormView.swift in Sources */ = {isa = PBXBuildFile; fileRef = 91CCCAE229CC91A7004E87F4 /* FestivalFormView.swift */; };
		91CCCAE529CC9641004E87F4 /* FestivalDayFormView.swift in Sources */ = {isa = PBXBuildFile; fileRef = 91CCCAE429CC9641004E87F4 /* FestivalDayFormView.swift */; };
		91CCCAE929D08373004E87F4 /* ZoneListView.swift in Sources */ = {isa = PBXBuildFile; fileRef = 91CCCAE829D08373004E87F4 /* ZoneListView.swift */; };
		91CCCAEB29D0837C004E87F4 /* ZoneFormView.swift in Sources */ = {isa = PBXBuildFile; fileRef = 91CCCAEA29D0837C004E87F4 /* ZoneFormView.swift */; };
		91CCCAED29D084A9004E87F4 /* ZoneListModel.swift in Sources */ = {isa = PBXBuildFile; fileRef = 91CCCAEC29D084A9004E87F4 /* ZoneListModel.swift */; };
		91CCCAEF29D08522004E87F4 /* ZoneListIntent.swift in Sources */ = {isa = PBXBuildFile; fileRef = 91CCCAEE29D08522004E87F4 /* ZoneListIntent.swift */; };
		91CCCAF129D085B5004E87F4 /* ZonesDAO.swift in Sources */ = {isa = PBXBuildFile; fileRef = 91CCCAF029D085B4004E87F4 /* ZonesDAO.swift */; };
		91CCCAF329D0B728004E87F4 /* CreateFestivalDTO.swift in Sources */ = {isa = PBXBuildFile; fileRef = 91CCCAF229D0B728004E87F4 /* CreateFestivalDTO.swift */; };
		91CCCAF829D17E16004E87F4 /* AlertToast in Frameworks */ = {isa = PBXBuildFile; productRef = 91CCCAF729D17E16004E87F4 /* AlertToast */; };
		91CCCAFA29D19F51004E87F4 /* FestivalUpdateView.swift in Sources */ = {isa = PBXBuildFile; fileRef = 91CCCAF929D19F51004E87F4 /* FestivalUpdateView.swift */; };
		91CCCAFC29D1EE49004E87F4 /* CreateFestivalDayDTO.swift in Sources */ = {isa = PBXBuildFile; fileRef = 91CCCAFB29D1EE49004E87F4 /* CreateFestivalDayDTO.swift */; };
		91CF661129D9D1F500B12237 /* RegisterView.swift in Sources */ = {isa = PBXBuildFile; fileRef = 91CF660F29D9D1F500B12237 /* RegisterView.swift */; };
		91CF661229D9D1F500B12237 /* LoginView.swift in Sources */ = {isa = PBXBuildFile; fileRef = 91CF661029D9D1F500B12237 /* LoginView.swift */; };
		91CF661429D9D39600B12237 /* AccountIntent.swift in Sources */ = {isa = PBXBuildFile; fileRef = 91CF661329D9D39600B12237 /* AccountIntent.swift */; };
		91CF661629D9D4B000B12237 /* CreateBenevoleDTO.swift in Sources */ = {isa = PBXBuildFile; fileRef = 91CF661529D9D4B000B12237 /* CreateBenevoleDTO.swift */; };
		91D6B85429BF2EA800E6FF08 /* Projet_DevMobileApp.swift in Sources */ = {isa = PBXBuildFile; fileRef = 91D6B85329BF2EA800E6FF08 /* Projet_DevMobileApp.swift */; };
		91D6B85629BF2EA800E6FF08 /* ContentView.swift in Sources */ = {isa = PBXBuildFile; fileRef = 91D6B85529BF2EA800E6FF08 /* ContentView.swift */; };
		91D6B85829BF2EA800E6FF08 /* Assets.xcassets in Resources */ = {isa = PBXBuildFile; fileRef = 91D6B85729BF2EA800E6FF08 /* Assets.xcassets */; };
		91D6B85B29BF2EA800E6FF08 /* Preview Assets.xcassets in Resources */ = {isa = PBXBuildFile; fileRef = 91D6B85A29BF2EA800E6FF08 /* Preview Assets.xcassets */; };
		91D6B86529BF2EA900E6FF08 /* Projet_DevMobileTests.swift in Sources */ = {isa = PBXBuildFile; fileRef = 91D6B86429BF2EA900E6FF08 /* Projet_DevMobileTests.swift */; };
		91D6B86F29BF2EA900E6FF08 /* Projet_DevMobileUITests.swift in Sources */ = {isa = PBXBuildFile; fileRef = 91D6B86E29BF2EA900E6FF08 /* Projet_DevMobileUITests.swift */; };
		91D6B87129BF2EA900E6FF08 /* Projet_DevMobileUITestsLaunchTests.swift in Sources */ = {isa = PBXBuildFile; fileRef = 91D6B87029BF2EA900E6FF08 /* Projet_DevMobileUITestsLaunchTests.swift */; };
		91D6B88729BF346700E6FF08 /* GameListViewModel.swift in Sources */ = {isa = PBXBuildFile; fileRef = 91D6B88629BF346700E6FF08 /* GameListViewModel.swift */; };
		91D6B88929BF34FC00E6FF08 /* GameViewModel.swift in Sources */ = {isa = PBXBuildFile; fileRef = 91D6B88829BF34FC00E6FF08 /* GameViewModel.swift */; };
		91D6B88C29BF4B6E00E6FF08 /* GameListIntent.swift in Sources */ = {isa = PBXBuildFile; fileRef = 91D6B88B29BF4B6E00E6FF08 /* GameListIntent.swift */; };
		91D6B88F29BF521400E6FF08 /* GameDTO.swift in Sources */ = {isa = PBXBuildFile; fileRef = 91D6B88E29BF521400E6FF08 /* GameDTO.swift */; };
/* End PBXBuildFile section */

/* Begin PBXContainerItemProxy section */
		91D6B86129BF2EA900E6FF08 /* PBXContainerItemProxy */ = {
			isa = PBXContainerItemProxy;
			containerPortal = 91D6B84829BF2EA800E6FF08 /* Project object */;
			proxyType = 1;
			remoteGlobalIDString = 91D6B84F29BF2EA800E6FF08;
			remoteInfo = "Projet-DevMobile";
		};
		91D6B86B29BF2EA900E6FF08 /* PBXContainerItemProxy */ = {
			isa = PBXContainerItemProxy;
			containerPortal = 91D6B84829BF2EA800E6FF08 /* Project object */;
			proxyType = 1;
			remoteGlobalIDString = 91D6B84F29BF2EA800E6FF08;
			remoteInfo = "Projet-DevMobile";
		};
/* End PBXContainerItemProxy section */

/* Begin PBXFileReference section */
		911DC02529C463F900F99879 /* BenevolesDetailView.swift */ = {isa = PBXFileReference; lastKnownFileType = sourcecode.swift; path = BenevolesDetailView.swift; sourceTree = "<group>"; };
		911DC02729C46A5300F99879 /* BenevoleIntent.swift */ = {isa = PBXFileReference; lastKnownFileType = sourcecode.swift; path = BenevoleIntent.swift; sourceTree = "<group>"; };
		911DC02B29C473D500F99879 /* BenevoleMenuView.swift */ = {isa = PBXFileReference; lastKnownFileType = sourcecode.swift; path = BenevoleMenuView.swift; sourceTree = "<group>"; };
		914FDE2929C4C9D90037BDA0 /* AdminMainView.swift */ = {isa = PBXFileReference; lastKnownFileType = sourcecode.swift; path = AdminMainView.swift; sourceTree = "<group>"; };
		914FDE3129C540110037BDA0 /* FestivalListView.swift */ = {isa = PBXFileReference; lastKnownFileType = sourcecode.swift; path = FestivalListView.swift; sourceTree = "<group>"; };
		914FDE3329C5415B0037BDA0 /* FestivalListModel.swift */ = {isa = PBXFileReference; lastKnownFileType = sourcecode.swift; path = FestivalListModel.swift; sourceTree = "<group>"; };
		914FDE3529C543040037BDA0 /* FestivalModel.swift */ = {isa = PBXFileReference; lastKnownFileType = sourcecode.swift; path = FestivalModel.swift; sourceTree = "<group>"; };
		914FDE3729C543C60037BDA0 /* JourDeFestivalModel.swift */ = {isa = PBXFileReference; lastKnownFileType = sourcecode.swift; path = JourDeFestivalModel.swift; sourceTree = "<group>"; };
		914FDE3929C545100037BDA0 /* FestivalListIntent.swift */ = {isa = PBXFileReference; lastKnownFileType = sourcecode.swift; path = FestivalListIntent.swift; sourceTree = "<group>"; };
		914FDE3B29C54DD30037BDA0 /* FestivalListDAO.swift */ = {isa = PBXFileReference; lastKnownFileType = sourcecode.swift; path = FestivalListDAO.swift; sourceTree = "<group>"; };
		914FDE4129C5513C0037BDA0 /* ZoneModel.swift */ = {isa = PBXFileReference; lastKnownFileType = sourcecode.swift; path = ZoneModel.swift; sourceTree = "<group>"; };
		914FDE4329C5521E0037BDA0 /* JourDeFestivalDTO.swift */ = {isa = PBXFileReference; lastKnownFileType = sourcecode.swift; path = JourDeFestivalDTO.swift; sourceTree = "<group>"; };
		914FDE4529C5527D0037BDA0 /* EventsDTO.swift */ = {isa = PBXFileReference; lastKnownFileType = sourcecode.swift; path = EventsDTO.swift; sourceTree = "<group>"; };
		914FDE4729C5ED190037BDA0 /* ZoneDTO.swift */ = {isa = PBXFileReference; lastKnownFileType = sourcecode.swift; path = ZoneDTO.swift; sourceTree = "<group>"; };
		914FDE4929C5F4BD0037BDA0 /* FestivalDTO.swift */ = {isa = PBXFileReference; lastKnownFileType = sourcecode.swift; path = FestivalDTO.swift; sourceTree = "<group>"; };
		915DB19929C32C4B00BEC5BC /* BenevolesListView.swift */ = {isa = PBXFileReference; lastKnownFileType = sourcecode.swift; path = BenevolesListView.swift; sourceTree = "<group>"; };
		915DB19C29C32DE000BEC5BC /* BenevolesListIntent.swift */ = {isa = PBXFileReference; lastKnownFileType = sourcecode.swift; path = BenevolesListIntent.swift; sourceTree = "<group>"; };
		915DB19E29C32DF400BEC5BC /* BenevolesListModel.swift */ = {isa = PBXFileReference; lastKnownFileType = sourcecode.swift; path = BenevolesListModel.swift; sourceTree = "<group>"; };
		915DB1A229C32E3B00BEC5BC /* BenevoleModel.swift */ = {isa = PBXFileReference; lastKnownFileType = sourcecode.swift; path = BenevoleModel.swift; sourceTree = "<group>"; };
		915DB1A629C3360400BEC5BC /* BenevolesDAO.swift */ = {isa = PBXFileReference; lastKnownFileType = sourcecode.swift; path = BenevolesDAO.swift; sourceTree = "<group>"; };
		915DB1A829C3368400BEC5BC /* ApiError.swift */ = {isa = PBXFileReference; lastKnownFileType = sourcecode.swift; path = ApiError.swift; sourceTree = "<group>"; };
		915DB1AA29C3383B00BEC5BC /* BenevolesDTO.swift */ = {isa = PBXFileReference; lastKnownFileType = sourcecode.swift; path = BenevolesDTO.swift; sourceTree = "<group>"; };
		917AA14D29C78083005A89CD /* FestivalDetailView.swift */ = {isa = PBXFileReference; lastKnownFileType = sourcecode.swift; path = FestivalDetailView.swift; sourceTree = "<group>"; };
		917AA14F29C85E94005A89CD /* FestivalIntent.swift */ = {isa = PBXFileReference; lastKnownFileType = sourcecode.swift; path = FestivalIntent.swift; sourceTree = "<group>"; };
		917AA15129C86205005A89CD /* FestivalDAO.swift */ = {isa = PBXFileReference; lastKnownFileType = sourcecode.swift; path = FestivalDAO.swift; sourceTree = "<group>"; };
		917AA15329C87330005A89CD /* FestivalDayListView.swift */ = {isa = PBXFileReference; lastKnownFileType = sourcecode.swift; path = FestivalDayListView.swift; sourceTree = "<group>"; };
		917AA15529C8739E005A89CD /* FestivalDayListIntent.swift */ = {isa = PBXFileReference; lastKnownFileType = sourcecode.swift; path = FestivalDayListIntent.swift; sourceTree = "<group>"; };
		917AA15729C873BB005A89CD /* FestivalDayListModel.swift */ = {isa = PBXFileReference; lastKnownFileType = sourcecode.swift; path = FestivalDayListModel.swift; sourceTree = "<group>"; };
		917AA15929C874C3005A89CD /* FestivalDayListDAO.swift */ = {isa = PBXFileReference; lastKnownFileType = sourcecode.swift; path = FestivalDayListDAO.swift; sourceTree = "<group>"; };
		917AA15B29C87941005A89CD /* FestivalDayDetailView.swift */ = {isa = PBXFileReference; lastKnownFileType = sourcecode.swift; path = FestivalDayDetailView.swift; sourceTree = "<group>"; };
		917AA15D29C8E613005A89CD /* FestivalDayIntent.swift */ = {isa = PBXFileReference; lastKnownFileType = sourcecode.swift; path = FestivalDayIntent.swift; sourceTree = "<group>"; };
		917AA15F29C9A767005A89CD /* CreneauxListView.swift */ = {isa = PBXFileReference; lastKnownFileType = sourcecode.swift; path = CreneauxListView.swift; sourceTree = "<group>"; };
		917AA16129C9A94E005A89CD /* CreneauxListIntent.swift */ = {isa = PBXFileReference; lastKnownFileType = sourcecode.swift; path = CreneauxListIntent.swift; sourceTree = "<group>"; };
		917AA16329C9A9BC005A89CD /* CreneauxListModel.swift */ = {isa = PBXFileReference; lastKnownFileType = sourcecode.swift; path = CreneauxListModel.swift; sourceTree = "<group>"; };
		917AA16529C9AA37005A89CD /* CreneauxModel.swift */ = {isa = PBXFileReference; lastKnownFileType = sourcecode.swift; path = CreneauxModel.swift; sourceTree = "<group>"; };
		917AA16729C9AAD6005A89CD /* CreneauxListDAO.swift */ = {isa = PBXFileReference; lastKnownFileType = sourcecode.swift; path = CreneauxListDAO.swift; sourceTree = "<group>"; };
		917AA16929C9ACAD005A89CD /* CreneauxDetailView.swift */ = {isa = PBXFileReference; lastKnownFileType = sourcecode.swift; path = CreneauxDetailView.swift; sourceTree = "<group>"; };
		917AA16B29C9C549005A89CD /* BenevolesMainView.swift */ = {isa = PBXFileReference; lastKnownFileType = sourcecode.swift; path = BenevolesMainView.swift; sourceTree = "<group>"; };
		917AA16F29C9C72D005A89CD /* BenevolesFestivalDetailView.swift */ = {isa = PBXFileReference; lastKnownFileType = sourcecode.swift; path = BenevolesFestivalDetailView.swift; sourceTree = "<group>"; };
		91B6288A29C091780074EF20 /* GameDAO.swift */ = {isa = PBXFileReference; lastKnownFileType = sourcecode.swift; path = GameDAO.swift; sourceTree = "<group>"; };
		91CCCAD629CB141F004E87F4 /* BenevoleCreneauxListView.swift */ = {isa = PBXFileReference; lastKnownFileType = sourcecode.swift; path = BenevoleCreneauxListView.swift; sourceTree = "<group>"; };
		91CCCADC29CB5BC6004E87F4 /* CreneauxIntent.swift */ = {isa = PBXFileReference; lastKnownFileType = sourcecode.swift; path = CreneauxIntent.swift; sourceTree = "<group>"; };
		91CCCADE29CB8F74004E87F4 /* MessageDTO.swift */ = {isa = PBXFileReference; lastKnownFileType = sourcecode.swift; path = MessageDTO.swift; sourceTree = "<group>"; };
		91CCCAE029CC84EA004E87F4 /* BenevoleProfileView.swift */ = {isa = PBXFileReference; lastKnownFileType = sourcecode.swift; path = BenevoleProfileView.swift; sourceTree = "<group>"; };
		91CCCAE229CC91A7004E87F4 /* FestivalFormView.swift */ = {isa = PBXFileReference; lastKnownFileType = sourcecode.swift; path = FestivalFormView.swift; sourceTree = "<group>"; };
		91CCCAE429CC9641004E87F4 /* FestivalDayFormView.swift */ = {isa = PBXFileReference; lastKnownFileType = sourcecode.swift; path = FestivalDayFormView.swift; sourceTree = "<group>"; };
		91CCCAE829D08373004E87F4 /* ZoneListView.swift */ = {isa = PBXFileReference; lastKnownFileType = sourcecode.swift; path = ZoneListView.swift; sourceTree = "<group>"; };
		91CCCAEA29D0837C004E87F4 /* ZoneFormView.swift */ = {isa = PBXFileReference; lastKnownFileType = sourcecode.swift; path = ZoneFormView.swift; sourceTree = "<group>"; };
		91CCCAEC29D084A9004E87F4 /* ZoneListModel.swift */ = {isa = PBXFileReference; lastKnownFileType = sourcecode.swift; path = ZoneListModel.swift; sourceTree = "<group>"; };
		91CCCAEE29D08522004E87F4 /* ZoneListIntent.swift */ = {isa = PBXFileReference; lastKnownFileType = sourcecode.swift; path = ZoneListIntent.swift; sourceTree = "<group>"; };
		91CCCAF029D085B4004E87F4 /* ZonesDAO.swift */ = {isa = PBXFileReference; lastKnownFileType = sourcecode.swift; path = ZonesDAO.swift; sourceTree = "<group>"; };
		91CCCAF229D0B728004E87F4 /* CreateFestivalDTO.swift */ = {isa = PBXFileReference; lastKnownFileType = sourcecode.swift; path = CreateFestivalDTO.swift; sourceTree = "<group>"; };
		91CCCAF929D19F51004E87F4 /* FestivalUpdateView.swift */ = {isa = PBXFileReference; lastKnownFileType = sourcecode.swift; path = FestivalUpdateView.swift; sourceTree = "<group>"; };
		91CCCAFB29D1EE49004E87F4 /* CreateFestivalDayDTO.swift */ = {isa = PBXFileReference; lastKnownFileType = sourcecode.swift; path = CreateFestivalDayDTO.swift; sourceTree = "<group>"; };
		91CF660F29D9D1F500B12237 /* RegisterView.swift */ = {isa = PBXFileReference; fileEncoding = 4; lastKnownFileType = sourcecode.swift; name = RegisterView.swift; path = ../../../../../Downloads/RegisterView.swift; sourceTree = "<group>"; };
		91CF661029D9D1F500B12237 /* LoginView.swift */ = {isa = PBXFileReference; fileEncoding = 4; lastKnownFileType = sourcecode.swift; name = LoginView.swift; path = ../../../../../Downloads/LoginView.swift; sourceTree = "<group>"; };
		91CF661329D9D39600B12237 /* AccountIntent.swift */ = {isa = PBXFileReference; lastKnownFileType = sourcecode.swift; path = AccountIntent.swift; sourceTree = "<group>"; };
		91CF661529D9D4B000B12237 /* CreateBenevoleDTO.swift */ = {isa = PBXFileReference; lastKnownFileType = sourcecode.swift; path = CreateBenevoleDTO.swift; sourceTree = "<group>"; };
		91D6B85029BF2EA800E6FF08 /* Projet-DevMobile.app */ = {isa = PBXFileReference; explicitFileType = wrapper.application; includeInIndex = 0; path = "Projet-DevMobile.app"; sourceTree = BUILT_PRODUCTS_DIR; };
		91D6B85329BF2EA800E6FF08 /* Projet_DevMobileApp.swift */ = {isa = PBXFileReference; lastKnownFileType = sourcecode.swift; path = Projet_DevMobileApp.swift; sourceTree = "<group>"; };
		91D6B85529BF2EA800E6FF08 /* ContentView.swift */ = {isa = PBXFileReference; lastKnownFileType = sourcecode.swift; path = ContentView.swift; sourceTree = "<group>"; };
		91D6B85729BF2EA800E6FF08 /* Assets.xcassets */ = {isa = PBXFileReference; lastKnownFileType = folder.assetcatalog; path = Assets.xcassets; sourceTree = "<group>"; };
		91D6B85A29BF2EA800E6FF08 /* Preview Assets.xcassets */ = {isa = PBXFileReference; lastKnownFileType = folder.assetcatalog; path = "Preview Assets.xcassets"; sourceTree = "<group>"; };
		91D6B86029BF2EA900E6FF08 /* Projet-DevMobileTests.xctest */ = {isa = PBXFileReference; explicitFileType = wrapper.cfbundle; includeInIndex = 0; path = "Projet-DevMobileTests.xctest"; sourceTree = BUILT_PRODUCTS_DIR; };
		91D6B86429BF2EA900E6FF08 /* Projet_DevMobileTests.swift */ = {isa = PBXFileReference; lastKnownFileType = sourcecode.swift; path = Projet_DevMobileTests.swift; sourceTree = "<group>"; };
		91D6B86A29BF2EA900E6FF08 /* Projet-DevMobileUITests.xctest */ = {isa = PBXFileReference; explicitFileType = wrapper.cfbundle; includeInIndex = 0; path = "Projet-DevMobileUITests.xctest"; sourceTree = BUILT_PRODUCTS_DIR; };
		91D6B86E29BF2EA900E6FF08 /* Projet_DevMobileUITests.swift */ = {isa = PBXFileReference; lastKnownFileType = sourcecode.swift; path = Projet_DevMobileUITests.swift; sourceTree = "<group>"; };
		91D6B87029BF2EA900E6FF08 /* Projet_DevMobileUITestsLaunchTests.swift */ = {isa = PBXFileReference; lastKnownFileType = sourcecode.swift; path = Projet_DevMobileUITestsLaunchTests.swift; sourceTree = "<group>"; };
		91D6B88629BF346700E6FF08 /* GameListViewModel.swift */ = {isa = PBXFileReference; lastKnownFileType = sourcecode.swift; path = GameListViewModel.swift; sourceTree = "<group>"; };
		91D6B88829BF34FC00E6FF08 /* GameViewModel.swift */ = {isa = PBXFileReference; lastKnownFileType = sourcecode.swift; path = GameViewModel.swift; sourceTree = "<group>"; };
		91D6B88B29BF4B6E00E6FF08 /* GameListIntent.swift */ = {isa = PBXFileReference; lastKnownFileType = sourcecode.swift; path = GameListIntent.swift; sourceTree = "<group>"; };
		91D6B88E29BF521400E6FF08 /* GameDTO.swift */ = {isa = PBXFileReference; lastKnownFileType = sourcecode.swift; path = GameDTO.swift; sourceTree = "<group>"; };
/* End PBXFileReference section */

/* Begin PBXFrameworksBuildPhase section */
		91D6B84D29BF2EA800E6FF08 /* Frameworks */ = {
			isa = PBXFrameworksBuildPhase;
			buildActionMask = 2147483647;
			files = (
				91CCCAF829D17E16004E87F4 /* AlertToast in Frameworks */,
			);
			runOnlyForDeploymentPostprocessing = 0;
		};
		91D6B85D29BF2EA900E6FF08 /* Frameworks */ = {
			isa = PBXFrameworksBuildPhase;
			buildActionMask = 2147483647;
			files = (
			);
			runOnlyForDeploymentPostprocessing = 0;
		};
		91D6B86729BF2EA900E6FF08 /* Frameworks */ = {
			isa = PBXFrameworksBuildPhase;
			buildActionMask = 2147483647;
			files = (
			);
			runOnlyForDeploymentPostprocessing = 0;
		};
/* End PBXFrameworksBuildPhase section */

/* Begin PBXGroup section */
		915DB19B29C32C5800BEC5BC /* Models */ = {
			isa = PBXGroup;
			children = (
				915DB19E29C32DF400BEC5BC /* BenevolesListModel.swift */,
				915DB1A229C32E3B00BEC5BC /* BenevoleModel.swift */,
				914FDE3329C5415B0037BDA0 /* FestivalListModel.swift */,
				914FDE3529C543040037BDA0 /* FestivalModel.swift */,
				914FDE3729C543C60037BDA0 /* JourDeFestivalModel.swift */,
				914FDE4129C5513C0037BDA0 /* ZoneModel.swift */,
				917AA15729C873BB005A89CD /* FestivalDayListModel.swift */,
				917AA16329C9A9BC005A89CD /* CreneauxListModel.swift */,
				917AA16529C9AA37005A89CD /* CreneauxModel.swift */,
				91CCCAEC29D084A9004E87F4 /* ZoneListModel.swift */,
			);
			path = Models;
			sourceTree = "<group>";
		};
		91D6B84729BF2EA800E6FF08 = {
			isa = PBXGroup;
			children = (
				91D6B85229BF2EA800E6FF08 /* Projet-DevMobile */,
				91D6B86329BF2EA900E6FF08 /* Projet-DevMobileTests */,
				91D6B86D29BF2EA900E6FF08 /* Projet-DevMobileUITests */,
				91D6B85129BF2EA800E6FF08 /* Products */,
			);
			sourceTree = "<group>";
		};
		91D6B85129BF2EA800E6FF08 /* Products */ = {
			isa = PBXGroup;
			children = (
				91D6B85029BF2EA800E6FF08 /* Projet-DevMobile.app */,
				91D6B86029BF2EA900E6FF08 /* Projet-DevMobileTests.xctest */,
				91D6B86A29BF2EA900E6FF08 /* Projet-DevMobileUITests.xctest */,
			);
			name = Products;
			sourceTree = "<group>";
		};
		91D6B85229BF2EA800E6FF08 /* Projet-DevMobile */ = {
			isa = PBXGroup;
			children = (
				915DB19B29C32C5800BEC5BC /* Models */,
				91D6B89029C0912E00E6FF08 /* DAO */,
				91D6B88D29BF520600E6FF08 /* DTO */,
				91D6B88A29BF4B4F00E6FF08 /* Intents */,
				91D6B88529BF344000E6FF08 /* ViewModels */,
				91D6B87D29BF2FC100E6FF08 /* Views */,
				91D6B85329BF2EA800E6FF08 /* Projet_DevMobileApp.swift */,
				91D6B85529BF2EA800E6FF08 /* ContentView.swift */,
				91D6B85729BF2EA800E6FF08 /* Assets.xcassets */,
				91D6B85929BF2EA800E6FF08 /* Preview Content */,
			);
			path = "Projet-DevMobile";
			sourceTree = "<group>";
		};
		91D6B85929BF2EA800E6FF08 /* Preview Content */ = {
			isa = PBXGroup;
			children = (
				91D6B85A29BF2EA800E6FF08 /* Preview Assets.xcassets */,
			);
			path = "Preview Content";
			sourceTree = "<group>";
		};
		91D6B86329BF2EA900E6FF08 /* Projet-DevMobileTests */ = {
			isa = PBXGroup;
			children = (
				91D6B86429BF2EA900E6FF08 /* Projet_DevMobileTests.swift */,
			);
			path = "Projet-DevMobileTests";
			sourceTree = "<group>";
		};
		91D6B86D29BF2EA900E6FF08 /* Projet-DevMobileUITests */ = {
			isa = PBXGroup;
			children = (
				91D6B86E29BF2EA900E6FF08 /* Projet_DevMobileUITests.swift */,
				91D6B87029BF2EA900E6FF08 /* Projet_DevMobileUITestsLaunchTests.swift */,
			);
			path = "Projet-DevMobileUITests";
			sourceTree = "<group>";
		};
		91D6B87D29BF2FC100E6FF08 /* Views */ = {
			isa = PBXGroup;
			children = (
				915DB19929C32C4B00BEC5BC /* BenevolesListView.swift */,
				91CF661029D9D1F500B12237 /* LoginView.swift */,
				91CF660F29D9D1F500B12237 /* RegisterView.swift */,
				911DC02529C463F900F99879 /* BenevolesDetailView.swift */,
				911DC02B29C473D500F99879 /* BenevoleMenuView.swift */,
				914FDE2929C4C9D90037BDA0 /* AdminMainView.swift */,
				914FDE3129C540110037BDA0 /* FestivalListView.swift */,
				917AA14D29C78083005A89CD /* FestivalDetailView.swift */,
				917AA15329C87330005A89CD /* FestivalDayListView.swift */,
				917AA15B29C87941005A89CD /* FestivalDayDetailView.swift */,
				917AA15F29C9A767005A89CD /* CreneauxListView.swift */,
				917AA16929C9ACAD005A89CD /* CreneauxDetailView.swift */,
				917AA16B29C9C549005A89CD /* BenevolesMainView.swift */,
				917AA16F29C9C72D005A89CD /* BenevolesFestivalDetailView.swift */,
				91CCCAD629CB141F004E87F4 /* BenevoleCreneauxListView.swift */,
				91CCCAE029CC84EA004E87F4 /* BenevoleProfileView.swift */,
				91CCCAE229CC91A7004E87F4 /* FestivalFormView.swift */,
				91CCCAE429CC9641004E87F4 /* FestivalDayFormView.swift */,
				91CCCAE829D08373004E87F4 /* ZoneListView.swift */,
				91CCCAEA29D0837C004E87F4 /* ZoneFormView.swift */,
				91CCCAF929D19F51004E87F4 /* FestivalUpdateView.swift */,
			);
			path = Views;
			sourceTree = "<group>";
		};
		91D6B88529BF344000E6FF08 /* ViewModels */ = {
			isa = PBXGroup;
			children = (
				91D6B88629BF346700E6FF08 /* GameListViewModel.swift */,
				91D6B88829BF34FC00E6FF08 /* GameViewModel.swift */,
			);
			path = ViewModels;
			sourceTree = "<group>";
		};
		91D6B88A29BF4B4F00E6FF08 /* Intents */ = {
			isa = PBXGroup;
			children = (
				91D6B88B29BF4B6E00E6FF08 /* GameListIntent.swift */,
				915DB19C29C32DE000BEC5BC /* BenevolesListIntent.swift */,
				914FDE3929C545100037BDA0 /* FestivalListIntent.swift */,
				911DC02729C46A5300F99879 /* BenevoleIntent.swift */,
				917AA14F29C85E94005A89CD /* FestivalIntent.swift */,
				917AA15529C8739E005A89CD /* FestivalDayListIntent.swift */,
				917AA15D29C8E613005A89CD /* FestivalDayIntent.swift */,
				917AA16129C9A94E005A89CD /* CreneauxListIntent.swift */,
				91CCCADC29CB5BC6004E87F4 /* CreneauxIntent.swift */,
				91CCCAEE29D08522004E87F4 /* ZoneListIntent.swift */,
				91CF661329D9D39600B12237 /* AccountIntent.swift */,
			);
			path = Intents;
			sourceTree = "<group>";
		};
		91D6B88D29BF520600E6FF08 /* DTO */ = {
			isa = PBXGroup;
			children = (
				91D6B88E29BF521400E6FF08 /* GameDTO.swift */,
				915DB1AA29C3383B00BEC5BC /* BenevolesDTO.swift */,
				914FDE4329C5521E0037BDA0 /* JourDeFestivalDTO.swift */,
				914FDE4529C5527D0037BDA0 /* EventsDTO.swift */,
				914FDE4729C5ED190037BDA0 /* ZoneDTO.swift */,
				914FDE4929C5F4BD0037BDA0 /* FestivalDTO.swift */,
				91CCCADE29CB8F74004E87F4 /* MessageDTO.swift */,
				91CCCAF229D0B728004E87F4 /* CreateFestivalDTO.swift */,
				91CCCAFB29D1EE49004E87F4 /* CreateFestivalDayDTO.swift */,
				91CF661529D9D4B000B12237 /* CreateBenevoleDTO.swift */,
			);
			path = DTO;
			sourceTree = "<group>";
		};
		91D6B89029C0912E00E6FF08 /* DAO */ = {
			isa = PBXGroup;
			children = (
				91B6288A29C091780074EF20 /* GameDAO.swift */,
				915DB1A629C3360400BEC5BC /* BenevolesDAO.swift */,
				915DB1A829C3368400BEC5BC /* ApiError.swift */,
				914FDE3B29C54DD30037BDA0 /* FestivalListDAO.swift */,
				917AA15129C86205005A89CD /* FestivalDAO.swift */,
				917AA15929C874C3005A89CD /* FestivalDayListDAO.swift */,
				917AA16729C9AAD6005A89CD /* CreneauxListDAO.swift */,
				91CCCAF029D085B4004E87F4 /* ZonesDAO.swift */,
			);
			path = DAO;
			sourceTree = "<group>";
		};
/* End PBXGroup section */

/* Begin PBXNativeTarget section */
		91D6B84F29BF2EA800E6FF08 /* Projet-DevMobile */ = {
			isa = PBXNativeTarget;
			buildConfigurationList = 91D6B87429BF2EA900E6FF08 /* Build configuration list for PBXNativeTarget "Projet-DevMobile" */;
			buildPhases = (
				91D6B84C29BF2EA800E6FF08 /* Sources */,
				91D6B84D29BF2EA800E6FF08 /* Frameworks */,
				91D6B84E29BF2EA800E6FF08 /* Resources */,
			);
			buildRules = (
			);
			dependencies = (
			);
			name = "Projet-DevMobile";
			packageProductDependencies = (
				91CCCAF729D17E16004E87F4 /* AlertToast */,
			);
			productName = "Projet-DevMobile";
			productReference = 91D6B85029BF2EA800E6FF08 /* Projet-DevMobile.app */;
			productType = "com.apple.product-type.application";
		};
		91D6B85F29BF2EA900E6FF08 /* Projet-DevMobileTests */ = {
			isa = PBXNativeTarget;
			buildConfigurationList = 91D6B87729BF2EA900E6FF08 /* Build configuration list for PBXNativeTarget "Projet-DevMobileTests" */;
			buildPhases = (
				91D6B85C29BF2EA900E6FF08 /* Sources */,
				91D6B85D29BF2EA900E6FF08 /* Frameworks */,
				91D6B85E29BF2EA900E6FF08 /* Resources */,
			);
			buildRules = (
			);
			dependencies = (
				91D6B86229BF2EA900E6FF08 /* PBXTargetDependency */,
			);
			name = "Projet-DevMobileTests";
			productName = "Projet-DevMobileTests";
			productReference = 91D6B86029BF2EA900E6FF08 /* Projet-DevMobileTests.xctest */;
			productType = "com.apple.product-type.bundle.unit-test";
		};
		91D6B86929BF2EA900E6FF08 /* Projet-DevMobileUITests */ = {
			isa = PBXNativeTarget;
			buildConfigurationList = 91D6B87A29BF2EA900E6FF08 /* Build configuration list for PBXNativeTarget "Projet-DevMobileUITests" */;
			buildPhases = (
				91D6B86629BF2EA900E6FF08 /* Sources */,
				91D6B86729BF2EA900E6FF08 /* Frameworks */,
				91D6B86829BF2EA900E6FF08 /* Resources */,
			);
			buildRules = (
			);
			dependencies = (
				91D6B86C29BF2EA900E6FF08 /* PBXTargetDependency */,
			);
			name = "Projet-DevMobileUITests";
			productName = "Projet-DevMobileUITests";
			productReference = 91D6B86A29BF2EA900E6FF08 /* Projet-DevMobileUITests.xctest */;
			productType = "com.apple.product-type.bundle.ui-testing";
		};
/* End PBXNativeTarget section */

/* Begin PBXProject section */
		91D6B84829BF2EA800E6FF08 /* Project object */ = {
			isa = PBXProject;
			attributes = {
				BuildIndependentTargetsInParallel = 1;
				LastSwiftUpdateCheck = 1420;
				LastUpgradeCheck = 1420;
				TargetAttributes = {
					91D6B84F29BF2EA800E6FF08 = {
						CreatedOnToolsVersion = 14.2;
					};
					91D6B85F29BF2EA900E6FF08 = {
						CreatedOnToolsVersion = 14.2;
						TestTargetID = 91D6B84F29BF2EA800E6FF08;
					};
					91D6B86929BF2EA900E6FF08 = {
						CreatedOnToolsVersion = 14.2;
						TestTargetID = 91D6B84F29BF2EA800E6FF08;
					};
				};
			};
			buildConfigurationList = 91D6B84B29BF2EA800E6FF08 /* Build configuration list for PBXProject "Projet-DevMobile" */;
			compatibilityVersion = "Xcode 14.0";
			developmentRegion = en;
			hasScannedForEncodings = 0;
			knownRegions = (
				en,
				Base,
			);
			mainGroup = 91D6B84729BF2EA800E6FF08;
			packageReferences = (
				91CCCAF629D17E16004E87F4 /* XCRemoteSwiftPackageReference "AlertToast" */,
			);
			productRefGroup = 91D6B85129BF2EA800E6FF08 /* Products */;
			projectDirPath = "";
			projectRoot = "";
			targets = (
				91D6B84F29BF2EA800E6FF08 /* Projet-DevMobile */,
				91D6B85F29BF2EA900E6FF08 /* Projet-DevMobileTests */,
				91D6B86929BF2EA900E6FF08 /* Projet-DevMobileUITests */,
			);
		};
/* End PBXProject section */

/* Begin PBXResourcesBuildPhase section */
		91D6B84E29BF2EA800E6FF08 /* Resources */ = {
			isa = PBXResourcesBuildPhase;
			buildActionMask = 2147483647;
			files = (
				91D6B85B29BF2EA800E6FF08 /* Preview Assets.xcassets in Resources */,
				91D6B85829BF2EA800E6FF08 /* Assets.xcassets in Resources */,
			);
			runOnlyForDeploymentPostprocessing = 0;
		};
		91D6B85E29BF2EA900E6FF08 /* Resources */ = {
			isa = PBXResourcesBuildPhase;
			buildActionMask = 2147483647;
			files = (
			);
			runOnlyForDeploymentPostprocessing = 0;
		};
		91D6B86829BF2EA900E6FF08 /* Resources */ = {
			isa = PBXResourcesBuildPhase;
			buildActionMask = 2147483647;
			files = (
			);
			runOnlyForDeploymentPostprocessing = 0;
		};
/* End PBXResourcesBuildPhase section */

/* Begin PBXSourcesBuildPhase section */
		91D6B84C29BF2EA800E6FF08 /* Sources */ = {
			isa = PBXSourcesBuildPhase;
			buildActionMask = 2147483647;
			files = (
				91CCCADD29CB5BC6004E87F4 /* CreneauxIntent.swift in Sources */,
				917AA16229C9A94E005A89CD /* CreneauxListIntent.swift in Sources */,
				91CCCAE529CC9641004E87F4 /* FestivalDayFormView.swift in Sources */,
				917AA15C29C87941005A89CD /* FestivalDayDetailView.swift in Sources */,
				914FDE4229C5513C0037BDA0 /* ZoneModel.swift in Sources */,
				91CCCAE129CC84EA004E87F4 /* BenevoleProfileView.swift in Sources */,
				91D6B88F29BF521400E6FF08 /* GameDTO.swift in Sources */,
				914FDE4429C5521E0037BDA0 /* JourDeFestivalDTO.swift in Sources */,
				914FDE2A29C4C9D90037BDA0 /* AdminMainView.swift in Sources */,
				91D6B88729BF346700E6FF08 /* GameListViewModel.swift in Sources */,
				914FDE3829C543C60037BDA0 /* JourDeFestivalModel.swift in Sources */,
				91CCCAE329CC91A7004E87F4 /* FestivalFormView.swift in Sources */,
				91D6B85629BF2EA800E6FF08 /* ContentView.swift in Sources */,
				915DB19D29C32DE000BEC5BC /* BenevolesListIntent.swift in Sources */,
				915DB19A29C32C4B00BEC5BC /* BenevolesListView.swift in Sources */,
				914FDE4829C5ED190037BDA0 /* ZoneDTO.swift in Sources */,
				914FDE3629C543040037BDA0 /* FestivalModel.swift in Sources */,
				91CF661129D9D1F500B12237 /* RegisterView.swift in Sources */,
				914FDE3429C5415B0037BDA0 /* FestivalListModel.swift in Sources */,
				91CCCAD729CB141F004E87F4 /* BenevoleCreneauxListView.swift in Sources */,
				917AA15829C873BB005A89CD /* FestivalDayListModel.swift in Sources */,
				917AA14E29C78083005A89CD /* FestivalDetailView.swift in Sources */,
				91CF661229D9D1F500B12237 /* LoginView.swift in Sources */,
				91CCCAEF29D08522004E87F4 /* ZoneListIntent.swift in Sources */,
				914FDE3229C540110037BDA0 /* FestivalListView.swift in Sources */,
				911DC02C29C473D500F99879 /* BenevoleMenuView.swift in Sources */,
				917AA16429C9A9BC005A89CD /* CreneauxListModel.swift in Sources */,
				914FDE3C29C54DD30037BDA0 /* FestivalListDAO.swift in Sources */,
				917AA15E29C8E613005A89CD /* FestivalDayIntent.swift in Sources */,
				91CF661629D9D4B000B12237 /* CreateBenevoleDTO.swift in Sources */,
				911DC02629C463F900F99879 /* BenevolesDetailView.swift in Sources */,
				914FDE4A29C5F4BD0037BDA0 /* FestivalDTO.swift in Sources */,
				91CF661429D9D39600B12237 /* AccountIntent.swift in Sources */,
				91D6B85429BF2EA800E6FF08 /* Projet_DevMobileApp.swift in Sources */,
				91CCCADF29CB8F74004E87F4 /* MessageDTO.swift in Sources */,
				91CCCAE929D08373004E87F4 /* ZoneListView.swift in Sources */,
				91CCCAED29D084A9004E87F4 /* ZoneListModel.swift in Sources */,
				91D6B88929BF34FC00E6FF08 /* GameViewModel.swift in Sources */,
				91CCCAF329D0B728004E87F4 /* CreateFestivalDTO.swift in Sources */,
				917AA16029C9A767005A89CD /* CreneauxListView.swift in Sources */,
				915DB1A929C3368400BEC5BC /* ApiError.swift in Sources */,
				917AA15229C86205005A89CD /* FestivalDAO.swift in Sources */,
				917AA15429C87330005A89CD /* FestivalDayListView.swift in Sources */,
				91CCCAFC29D1EE49004E87F4 /* CreateFestivalDayDTO.swift in Sources */,
				917AA17029C9C72D005A89CD /* BenevolesFestivalDetailView.swift in Sources */,
				917AA15629C8739E005A89CD /* FestivalDayListIntent.swift in Sources */,
				91CCCAF129D085B5004E87F4 /* ZonesDAO.swift in Sources */,
				915DB1A329C32E3B00BEC5BC /* BenevoleModel.swift in Sources */,
				915DB19F29C32DF400BEC5BC /* BenevolesListModel.swift in Sources */,
				917AA16C29C9C549005A89CD /* BenevolesMainView.swift in Sources */,
				917AA16829C9AAD6005A89CD /* CreneauxListDAO.swift in Sources */,
				915DB1AB29C3383B00BEC5BC /* BenevolesDTO.swift in Sources */,
				914FDE4629C5527D0037BDA0 /* EventsDTO.swift in Sources */,
				914FDE3A29C545100037BDA0 /* FestivalListIntent.swift in Sources */,
				917AA16A29C9ACAD005A89CD /* CreneauxDetailView.swift in Sources */,
				91CCCAFA29D19F51004E87F4 /* FestivalUpdateView.swift in Sources */,
				915DB1A729C3360400BEC5BC /* BenevolesDAO.swift in Sources */,
				917AA15029C85E94005A89CD /* FestivalIntent.swift in Sources */,
				91B6288B29C091780074EF20 /* GameDAO.swift in Sources */,
				91CCCAEB29D0837C004E87F4 /* ZoneFormView.swift in Sources */,
				91D6B88C29BF4B6E00E6FF08 /* GameListIntent.swift in Sources */,
				911DC02829C46A5300F99879 /* BenevoleIntent.swift in Sources */,
				917AA16629C9AA37005A89CD /* CreneauxModel.swift in Sources */,
				917AA15A29C874C3005A89CD /* FestivalDayListDAO.swift in Sources */,
			);
			runOnlyForDeploymentPostprocessing = 0;
		};
		91D6B85C29BF2EA900E6FF08 /* Sources */ = {
			isa = PBXSourcesBuildPhase;
			buildActionMask = 2147483647;
			files = (
				91D6B86529BF2EA900E6FF08 /* Projet_DevMobileTests.swift in Sources */,
			);
			runOnlyForDeploymentPostprocessing = 0;
		};
		91D6B86629BF2EA900E6FF08 /* Sources */ = {
			isa = PBXSourcesBuildPhase;
			buildActionMask = 2147483647;
			files = (
				91D6B87129BF2EA900E6FF08 /* Projet_DevMobileUITestsLaunchTests.swift in Sources */,
				91D6B86F29BF2EA900E6FF08 /* Projet_DevMobileUITests.swift in Sources */,
			);
			runOnlyForDeploymentPostprocessing = 0;
		};
/* End PBXSourcesBuildPhase section */

/* Begin PBXTargetDependency section */
		91D6B86229BF2EA900E6FF08 /* PBXTargetDependency */ = {
			isa = PBXTargetDependency;
			target = 91D6B84F29BF2EA800E6FF08 /* Projet-DevMobile */;
			targetProxy = 91D6B86129BF2EA900E6FF08 /* PBXContainerItemProxy */;
		};
		91D6B86C29BF2EA900E6FF08 /* PBXTargetDependency */ = {
			isa = PBXTargetDependency;
			target = 91D6B84F29BF2EA800E6FF08 /* Projet-DevMobile */;
			targetProxy = 91D6B86B29BF2EA900E6FF08 /* PBXContainerItemProxy */;
		};
/* End PBXTargetDependency section */

/* Begin XCBuildConfiguration section */
		91D6B87229BF2EA900E6FF08 /* Debug */ = {
			isa = XCBuildConfiguration;
			buildSettings = {
				ALWAYS_SEARCH_USER_PATHS = NO;
				CLANG_ANALYZER_NONNULL = YES;
				CLANG_ANALYZER_NUMBER_OBJECT_CONVERSION = YES_AGGRESSIVE;
				CLANG_CXX_LANGUAGE_STANDARD = "gnu++20";
				CLANG_ENABLE_MODULES = YES;
				CLANG_ENABLE_OBJC_ARC = YES;
				CLANG_ENABLE_OBJC_WEAK = YES;
				CLANG_WARN_BLOCK_CAPTURE_AUTORELEASING = YES;
				CLANG_WARN_BOOL_CONVERSION = YES;
				CLANG_WARN_COMMA = YES;
				CLANG_WARN_CONSTANT_CONVERSION = YES;
				CLANG_WARN_DEPRECATED_OBJC_IMPLEMENTATIONS = YES;
				CLANG_WARN_DIRECT_OBJC_ISA_USAGE = YES_ERROR;
				CLANG_WARN_DOCUMENTATION_COMMENTS = YES;
				CLANG_WARN_EMPTY_BODY = YES;
				CLANG_WARN_ENUM_CONVERSION = YES;
				CLANG_WARN_INFINITE_RECURSION = YES;
				CLANG_WARN_INT_CONVERSION = YES;
				CLANG_WARN_NON_LITERAL_NULL_CONVERSION = YES;
				CLANG_WARN_OBJC_IMPLICIT_RETAIN_SELF = YES;
				CLANG_WARN_OBJC_LITERAL_CONVERSION = YES;
				CLANG_WARN_OBJC_ROOT_CLASS = YES_ERROR;
				CLANG_WARN_QUOTED_INCLUDE_IN_FRAMEWORK_HEADER = YES;
				CLANG_WARN_RANGE_LOOP_ANALYSIS = YES;
				CLANG_WARN_STRICT_PROTOTYPES = YES;
				CLANG_WARN_SUSPICIOUS_MOVE = YES;
				CLANG_WARN_UNGUARDED_AVAILABILITY = YES_AGGRESSIVE;
				CLANG_WARN_UNREACHABLE_CODE = YES;
				CLANG_WARN__DUPLICATE_METHOD_MATCH = YES;
				COPY_PHASE_STRIP = NO;
				DEBUG_INFORMATION_FORMAT = dwarf;
				ENABLE_STRICT_OBJC_MSGSEND = YES;
				ENABLE_TESTABILITY = YES;
				GCC_C_LANGUAGE_STANDARD = gnu11;
				GCC_DYNAMIC_NO_PIC = NO;
				GCC_NO_COMMON_BLOCKS = YES;
				GCC_OPTIMIZATION_LEVEL = 0;
				GCC_PREPROCESSOR_DEFINITIONS = (
					"DEBUG=1",
					"$(inherited)",
				);
				GCC_WARN_64_TO_32_BIT_CONVERSION = YES;
				GCC_WARN_ABOUT_RETURN_TYPE = YES_ERROR;
				GCC_WARN_UNDECLARED_SELECTOR = YES;
				GCC_WARN_UNINITIALIZED_AUTOS = YES_AGGRESSIVE;
				GCC_WARN_UNUSED_FUNCTION = YES;
				GCC_WARN_UNUSED_VARIABLE = YES;
				IPHONEOS_DEPLOYMENT_TARGET = 16.2;
				MTL_ENABLE_DEBUG_INFO = INCLUDE_SOURCE;
				MTL_FAST_MATH = YES;
				ONLY_ACTIVE_ARCH = YES;
				SDKROOT = iphoneos;
				SWIFT_ACTIVE_COMPILATION_CONDITIONS = DEBUG;
				SWIFT_OPTIMIZATION_LEVEL = "-Onone";
			};
			name = Debug;
		};
		91D6B87329BF2EA900E6FF08 /* Release */ = {
			isa = XCBuildConfiguration;
			buildSettings = {
				ALWAYS_SEARCH_USER_PATHS = NO;
				CLANG_ANALYZER_NONNULL = YES;
				CLANG_ANALYZER_NUMBER_OBJECT_CONVERSION = YES_AGGRESSIVE;
				CLANG_CXX_LANGUAGE_STANDARD = "gnu++20";
				CLANG_ENABLE_MODULES = YES;
				CLANG_ENABLE_OBJC_ARC = YES;
				CLANG_ENABLE_OBJC_WEAK = YES;
				CLANG_WARN_BLOCK_CAPTURE_AUTORELEASING = YES;
				CLANG_WARN_BOOL_CONVERSION = YES;
				CLANG_WARN_COMMA = YES;
				CLANG_WARN_CONSTANT_CONVERSION = YES;
				CLANG_WARN_DEPRECATED_OBJC_IMPLEMENTATIONS = YES;
				CLANG_WARN_DIRECT_OBJC_ISA_USAGE = YES_ERROR;
				CLANG_WARN_DOCUMENTATION_COMMENTS = YES;
				CLANG_WARN_EMPTY_BODY = YES;
				CLANG_WARN_ENUM_CONVERSION = YES;
				CLANG_WARN_INFINITE_RECURSION = YES;
				CLANG_WARN_INT_CONVERSION = YES;
				CLANG_WARN_NON_LITERAL_NULL_CONVERSION = YES;
				CLANG_WARN_OBJC_IMPLICIT_RETAIN_SELF = YES;
				CLANG_WARN_OBJC_LITERAL_CONVERSION = YES;
				CLANG_WARN_OBJC_ROOT_CLASS = YES_ERROR;
				CLANG_WARN_QUOTED_INCLUDE_IN_FRAMEWORK_HEADER = YES;
				CLANG_WARN_RANGE_LOOP_ANALYSIS = YES;
				CLANG_WARN_STRICT_PROTOTYPES = YES;
				CLANG_WARN_SUSPICIOUS_MOVE = YES;
				CLANG_WARN_UNGUARDED_AVAILABILITY = YES_AGGRESSIVE;
				CLANG_WARN_UNREACHABLE_CODE = YES;
				CLANG_WARN__DUPLICATE_METHOD_MATCH = YES;
				COPY_PHASE_STRIP = NO;
				DEBUG_INFORMATION_FORMAT = "dwarf-with-dsym";
				ENABLE_NS_ASSERTIONS = NO;
				ENABLE_STRICT_OBJC_MSGSEND = YES;
				GCC_C_LANGUAGE_STANDARD = gnu11;
				GCC_NO_COMMON_BLOCKS = YES;
				GCC_WARN_64_TO_32_BIT_CONVERSION = YES;
				GCC_WARN_ABOUT_RETURN_TYPE = YES_ERROR;
				GCC_WARN_UNDECLARED_SELECTOR = YES;
				GCC_WARN_UNINITIALIZED_AUTOS = YES_AGGRESSIVE;
				GCC_WARN_UNUSED_FUNCTION = YES;
				GCC_WARN_UNUSED_VARIABLE = YES;
				IPHONEOS_DEPLOYMENT_TARGET = 16.2;
				MTL_ENABLE_DEBUG_INFO = NO;
				MTL_FAST_MATH = YES;
				SDKROOT = iphoneos;
				SWIFT_COMPILATION_MODE = wholemodule;
				SWIFT_OPTIMIZATION_LEVEL = "-O";
				VALIDATE_PRODUCT = YES;
			};
			name = Release;
		};
		91D6B87529BF2EA900E6FF08 /* Debug */ = {
			isa = XCBuildConfiguration;
			buildSettings = {
				ASSETCATALOG_COMPILER_APPICON_NAME = AppIcon;
				ASSETCATALOG_COMPILER_GLOBAL_ACCENT_COLOR_NAME = AccentColor;
				CODE_SIGN_STYLE = Automatic;
				CURRENT_PROJECT_VERSION = 1;
				DEVELOPMENT_ASSET_PATHS = "\"Projet-DevMobile/Preview Content\"";
				ENABLE_PREVIEWS = YES;
				GENERATE_INFOPLIST_FILE = YES;
				INFOPLIST_KEY_UIApplicationSceneManifest_Generation = YES;
				INFOPLIST_KEY_UIApplicationSupportsIndirectInputEvents = YES;
				INFOPLIST_KEY_UILaunchScreen_Generation = YES;
				INFOPLIST_KEY_UISupportedInterfaceOrientations_iPad = "UIInterfaceOrientationPortrait UIInterfaceOrientationPortraitUpsideDown UIInterfaceOrientationLandscapeLeft UIInterfaceOrientationLandscapeRight";
				INFOPLIST_KEY_UISupportedInterfaceOrientations_iPhone = "UIInterfaceOrientationPortrait UIInterfaceOrientationLandscapeLeft UIInterfaceOrientationLandscapeRight";
				IPHONEOS_DEPLOYMENT_TARGET = 16.2;
				LD_RUNPATH_SEARCH_PATHS = (
					"$(inherited)",
					"@executable_path/Frameworks",
				);
				MARKETING_VERSION = 1.0;
				PRODUCT_BUNDLE_IDENTIFIER = "test.Projet-DevMobile";
				PRODUCT_NAME = "$(TARGET_NAME)";
				SWIFT_EMIT_LOC_STRINGS = YES;
				SWIFT_VERSION = 5.0;
				TARGETED_DEVICE_FAMILY = "1,2";
			};
			name = Debug;
		};
		91D6B87629BF2EA900E6FF08 /* Release */ = {
			isa = XCBuildConfiguration;
			buildSettings = {
				ASSETCATALOG_COMPILER_APPICON_NAME = AppIcon;
				ASSETCATALOG_COMPILER_GLOBAL_ACCENT_COLOR_NAME = AccentColor;
				CODE_SIGN_STYLE = Automatic;
				CURRENT_PROJECT_VERSION = 1;
				DEVELOPMENT_ASSET_PATHS = "\"Projet-DevMobile/Preview Content\"";
				ENABLE_PREVIEWS = YES;
				GENERATE_INFOPLIST_FILE = YES;
				INFOPLIST_KEY_UIApplicationSceneManifest_Generation = YES;
				INFOPLIST_KEY_UIApplicationSupportsIndirectInputEvents = YES;
				INFOPLIST_KEY_UILaunchScreen_Generation = YES;
				INFOPLIST_KEY_UISupportedInterfaceOrientations_iPad = "UIInterfaceOrientationPortrait UIInterfaceOrientationPortraitUpsideDown UIInterfaceOrientationLandscapeLeft UIInterfaceOrientationLandscapeRight";
				INFOPLIST_KEY_UISupportedInterfaceOrientations_iPhone = "UIInterfaceOrientationPortrait UIInterfaceOrientationLandscapeLeft UIInterfaceOrientationLandscapeRight";
				IPHONEOS_DEPLOYMENT_TARGET = 16.2;
				LD_RUNPATH_SEARCH_PATHS = (
					"$(inherited)",
					"@executable_path/Frameworks",
				);
				MARKETING_VERSION = 1.0;
				PRODUCT_BUNDLE_IDENTIFIER = "test.Projet-DevMobile";
				PRODUCT_NAME = "$(TARGET_NAME)";
				SWIFT_EMIT_LOC_STRINGS = YES;
				SWIFT_VERSION = 5.0;
				TARGETED_DEVICE_FAMILY = "1,2";
			};
			name = Release;
		};
		91D6B87829BF2EA900E6FF08 /* Debug */ = {
			isa = XCBuildConfiguration;
			buildSettings = {
				ALWAYS_EMBED_SWIFT_STANDARD_LIBRARIES = YES;
				BUNDLE_LOADER = "$(TEST_HOST)";
				CODE_SIGN_STYLE = Automatic;
				CURRENT_PROJECT_VERSION = 1;
				GENERATE_INFOPLIST_FILE = YES;
				IPHONEOS_DEPLOYMENT_TARGET = 16.2;
				MARKETING_VERSION = 1.0;
				PRODUCT_BUNDLE_IDENTIFIER = "test.Projet-DevMobileTests";
				PRODUCT_NAME = "$(TARGET_NAME)";
				SWIFT_EMIT_LOC_STRINGS = NO;
				SWIFT_VERSION = 5.0;
				TARGETED_DEVICE_FAMILY = "1,2";
				TEST_HOST = "$(BUILT_PRODUCTS_DIR)/Projet-DevMobile.app/$(BUNDLE_EXECUTABLE_FOLDER_PATH)/Projet-DevMobile";
			};
			name = Debug;
		};
		91D6B87929BF2EA900E6FF08 /* Release */ = {
			isa = XCBuildConfiguration;
			buildSettings = {
				ALWAYS_EMBED_SWIFT_STANDARD_LIBRARIES = YES;
				BUNDLE_LOADER = "$(TEST_HOST)";
				CODE_SIGN_STYLE = Automatic;
				CURRENT_PROJECT_VERSION = 1;
				GENERATE_INFOPLIST_FILE = YES;
				IPHONEOS_DEPLOYMENT_TARGET = 16.2;
				MARKETING_VERSION = 1.0;
				PRODUCT_BUNDLE_IDENTIFIER = "test.Projet-DevMobileTests";
				PRODUCT_NAME = "$(TARGET_NAME)";
				SWIFT_EMIT_LOC_STRINGS = NO;
				SWIFT_VERSION = 5.0;
				TARGETED_DEVICE_FAMILY = "1,2";
				TEST_HOST = "$(BUILT_PRODUCTS_DIR)/Projet-DevMobile.app/$(BUNDLE_EXECUTABLE_FOLDER_PATH)/Projet-DevMobile";
			};
			name = Release;
		};
		91D6B87B29BF2EA900E6FF08 /* Debug */ = {
			isa = XCBuildConfiguration;
			buildSettings = {
				ALWAYS_EMBED_SWIFT_STANDARD_LIBRARIES = YES;
				CODE_SIGN_STYLE = Automatic;
				CURRENT_PROJECT_VERSION = 1;
				GENERATE_INFOPLIST_FILE = YES;
				MARKETING_VERSION = 1.0;
				PRODUCT_BUNDLE_IDENTIFIER = "test.Projet-DevMobileUITests";
				PRODUCT_NAME = "$(TARGET_NAME)";
				SWIFT_EMIT_LOC_STRINGS = NO;
				SWIFT_VERSION = 5.0;
				TARGETED_DEVICE_FAMILY = "1,2";
				TEST_TARGET_NAME = "Projet-DevMobile";
			};
			name = Debug;
		};
		91D6B87C29BF2EA900E6FF08 /* Release */ = {
			isa = XCBuildConfiguration;
			buildSettings = {
				ALWAYS_EMBED_SWIFT_STANDARD_LIBRARIES = YES;
				CODE_SIGN_STYLE = Automatic;
				CURRENT_PROJECT_VERSION = 1;
				GENERATE_INFOPLIST_FILE = YES;
				MARKETING_VERSION = 1.0;
				PRODUCT_BUNDLE_IDENTIFIER = "test.Projet-DevMobileUITests";
				PRODUCT_NAME = "$(TARGET_NAME)";
				SWIFT_EMIT_LOC_STRINGS = NO;
				SWIFT_VERSION = 5.0;
				TARGETED_DEVICE_FAMILY = "1,2";
				TEST_TARGET_NAME = "Projet-DevMobile";
			};
			name = Release;
		};
/* End XCBuildConfiguration section */

/* Begin XCConfigurationList section */
		91D6B84B29BF2EA800E6FF08 /* Build configuration list for PBXProject "Projet-DevMobile" */ = {
			isa = XCConfigurationList;
			buildConfigurations = (
				91D6B87229BF2EA900E6FF08 /* Debug */,
				91D6B87329BF2EA900E6FF08 /* Release */,
			);
			defaultConfigurationIsVisible = 0;
			defaultConfigurationName = Release;
		};
		91D6B87429BF2EA900E6FF08 /* Build configuration list for PBXNativeTarget "Projet-DevMobile" */ = {
			isa = XCConfigurationList;
			buildConfigurations = (
				91D6B87529BF2EA900E6FF08 /* Debug */,
				91D6B87629BF2EA900E6FF08 /* Release */,
			);
			defaultConfigurationIsVisible = 0;
			defaultConfigurationName = Release;
		};
		91D6B87729BF2EA900E6FF08 /* Build configuration list for PBXNativeTarget "Projet-DevMobileTests" */ = {
			isa = XCConfigurationList;
			buildConfigurations = (
				91D6B87829BF2EA900E6FF08 /* Debug */,
				91D6B87929BF2EA900E6FF08 /* Release */,
			);
			defaultConfigurationIsVisible = 0;
			defaultConfigurationName = Release;
		};
		91D6B87A29BF2EA900E6FF08 /* Build configuration list for PBXNativeTarget "Projet-DevMobileUITests" */ = {
			isa = XCConfigurationList;
			buildConfigurations = (
				91D6B87B29BF2EA900E6FF08 /* Debug */,
				91D6B87C29BF2EA900E6FF08 /* Release */,
			);
			defaultConfigurationIsVisible = 0;
			defaultConfigurationName = Release;
		};
/* End XCConfigurationList section */

/* Begin XCRemoteSwiftPackageReference section */
		91CCCAF629D17E16004E87F4 /* XCRemoteSwiftPackageReference "AlertToast" */ = {
			isa = XCRemoteSwiftPackageReference;
			repositoryURL = "https://github.com/elai950/AlertToast.git";
			requirement = {
				kind = upToNextMajorVersion;
				minimumVersion = 1.0.0;
			};
		};
/* End XCRemoteSwiftPackageReference section */

/* Begin XCSwiftPackageProductDependency section */
		91CCCAF729D17E16004E87F4 /* AlertToast */ = {
			isa = XCSwiftPackageProductDependency;
			package = 91CCCAF629D17E16004E87F4 /* XCRemoteSwiftPackageReference "AlertToast" */;
			productName = AlertToast;
		};
/* End XCSwiftPackageProductDependency section */
	};
	rootObject = 91D6B84829BF2EA800E6FF08 /* Project object */;
}
